version = 1
revision = 3
requires-python = ">=3.12"

[[package]]
name = "ifaddr"
version = "0.2.0"
source = { registry = "https://pypi.org/simple" }
sdist = { url = "https://files.pythonhosted.org/packages/e8/ac/fb4c578f4a3256561548cd825646680edcadb9440f3f68add95ade1eb791/ifaddr-0.2.0.tar.gz", hash = "sha256:cc0cbfcaabf765d44595825fb96a99bb12c79716b73b44330ea38ee2b0c4aed4", size = 10485, upload-time = "2022-06-15T21:40:27.561Z" }
wheels = [
    { url = "https://files.pythonhosted.org/packages/9c/1f/19ebc343cc71a7ffa78f17018535adc5cbdd87afb31d7c34874680148b32/ifaddr-0.2.0-py3-none-any.whl", hash = "sha256:085e0305cfe6f16ab12d72e2024030f5d52674afad6911bb1eee207177b8a748", size = 12314, upload-time = "2022-06-15T21:40:25.756Z" },
]

[[package]]
name = "ufogame"
version = "0.1.0"
source = { virtual = "." }
dependencies = [
    { name = "zeroconf" },
]

[package.metadata]
requires-dist = [{ name = "zeroconf", specifier = ">=0.132.2" }]

[[package]]
name = "zeroconf"
version = "0.147.2"
source = { registry = "https://pypi.org/simple" }
dependencies = [
    { name = "ifaddr" },
]
sdist = { url = "https://files.pythonhosted.org/packages/be/71/44d5afe5f160c0bbca6dff9ff03709c49bd9b23e0bf09dba84b1d4273ac0/zeroconf-0.147.2.tar.gz", hash = "sha256:2f91e2544433acfa928c8dbaea7af8bf0644e06904610799d6b762fd599d81bd", size = 164391, upload-time = "2025-09-05T20:33:34.616Z" }
wheels = [
    { url = "https://files.pythonhosted.org/packages/5b/b0/862a735ca77fbca707eca1331adce349a018c1346d58a4a9f03d92bf0ad7/zeroconf-0.147.2-cp312-cp312-macosx_10_13_x86_64.whl", hash = "sha256:d2bf175fa6226596cdd9a6ec93b2319b1c8e2e735f23a295ac59d192fbb70c68", size = 1734446, upload-time = "2025-09-05T21:02:05.933Z" },
    { url = "https://files.pythonhosted.org/packages/9f/05/7b05485398b6c0f27cf876f126cd06b6b4c8ff797cd33a3931c55fff2d77/zeroconf-0.147.2-cp312-cp312-macosx_11_0_arm64.whl", hash = "sha256:7f6ae2978034bebb48f629fc070e960bb1edee548d171ca5ff30c8a634fde908", size = 1701080, upload-time = "2025-09-05T21:02:09.523Z" },
    { url = "https://files.pythonhosted.org/packages/22/e8/aa67b18b7821172d44f83a187d9b88d97f31e98601687aa0255829a13881/zeroconf-0.147.2-cp312-cp312-manylinux_2_17_aarch64.manylinux2014_aarch64.whl", hash = "sha256:593316ef66ffe4920a8958409757d218d533f856c25028ae6bcea50129fe1da4", size = 2015945, upload-time = "2025-09-05T21:02:11.201Z" },
    { url = "https://files.pythonhosted.org/packages/d9/15/880b6ce263a1b38424dfa5bc8368ee975089e9c4f809a4ec75aa3b92607a/zeroconf-0.147.2-cp312-cp312-manylinux_2_17_i686.manylinux_2_5_i686.manylinux1_i686.manylinux2014_i686.whl", hash = "sha256:0958a0dbe5e84270ab36412cb290e72c87d63b931d260bc2f4a4a35c11729cab", size = 2160648, upload-time = "2025-09-05T21:02:13.014Z" },
    { url = "https://files.pythonhosted.org/packages/53/8a/79fc1f830b3ade140676e862a3d1ad0e340327c7adc2385e90ff5505c0a3/zeroconf-0.147.2-cp312-cp312-manylinux_2_17_x86_64.manylinux2014_x86_64.whl", hash = "sha256:23ea2fde9091ebc765e936c3f70f31f3053cadd2e7c96bbdabb8c7f58d922170", size = 2108577, upload-time = "2025-09-05T21:02:14.657Z" },
    { url = "https://files.pythonhosted.org/packages/ef/f0/312ef897cc383725b6b00c67dad77f9f8ace5676ff71cd2d6f3694796bf3/zeroconf-0.147.2-cp312-cp312-manylinux_2_31_armv7l.manylinux_2_17_armv7l.manylinux2014_armv7l.whl", hash = "sha256:fa36dd4a1f01acdf1ceee98ebb83df696ce03314908fb7a14292ebe61b25151f", size = 1929674, upload-time = "2025-09-05T21:02:16.47Z" },
    { url = "https://files.pythonhosted.org/packages/a9/ce/8484b2a71c08c2f5623024428d6e5f51a67bd85e7f997bbbe4cb1c098fc9/zeroconf-0.147.2-cp312-cp312-musllinux_1_2_aarch64.whl", hash = "sha256:94a60cffde70d1cb50ff84290ddbfb56cb01093c008ab135c0ad94bcfd877610", size = 2159633, upload-time = "2025-09-05T21:02:18.376Z" },
    { url = "https://files.pythonhosted.org/packages/c1/39/905363b7f96696f78630c8bfcfd0c2ebc5a05c9c559497de804ac2d56fdd/zeroconf-0.147.2-cp312-cp312-musllinux_1_2_armv7l.whl", hash = "sha256:5e0bc1274d8157a21d43705b256b3320b25756dbc25ca017f7ae1fe66877c93f", size = 2014985, upload-time = "2025-09-05T21:02:20.159Z" },
    { url = "https://files.pythonhosted.org/packages/0f/67/d124bee903f86dcead01381d006d63d88d227cfec152511e0ce3d6196323/zeroconf-0.147.2-cp312-cp312-musllinux_1_2_i686.whl", hash = "sha256:777d71ae5154707175d9d392c7f37a2b810e862228409a0ea38459d4e4efd67a", size = 2317854, upload-time = "2025-09-05T21:02:22.328Z" },
    { url = "https://files.pythonhosted.org/packages/91/4a/b9568535132acb70152a4f7c1f07ef273763a3a848b9b104aae093fa3a3d/zeroconf-0.147.2-cp312-cp312-musllinux_1_2_x86_64.whl", hash = "sha256:58ef18096a566878238bb2190537fdd87949ce324d40540f60f2553fbcea8120", size = 2252836, upload-time = "2025-09-05T21:02:24.559Z" },
    { url = "https://files.pythonhosted.org/packages/c5/df/10ae6ad495d147280d800bb3f2c0cbfc4fccc1fb971097ea8f3bcd3cb626/zeroconf-0.147.2-cp312-cp312-win32.whl", hash = "sha256:ffc2c93167c43bf7e8387c1c860813b26ebf4dfe5c71a68c2ef4911b01a46ae6", size = 1295384, upload-time = "2025-09-05T21:02:26.732Z" },
    { url = "https://files.pythonhosted.org/packages/ad/71/189a1dc7c3a3fbc4cbe5dd430491d2a21317251b45b1d0ac05c853cd0a96/zeroconf-0.147.2-cp312-cp312-win_amd64.whl", hash = "sha256:7a94e0a3814b07bf7e848300166f890eb37d30d5e07030bbd144936674370e41", size = 1533066, upload-time = "2025-09-05T21:02:29.445Z" },
    { url = "https://files.pythonhosted.org/packages/1e/d5/c1f80a071dc58a9fa2f4a8f8ee5a05d730a6500099c5b3d1580d74f0df7b/zeroconf-0.147.2-cp313-cp313-macosx_10_13_x86_64.whl", hash = "sha256:bb1a057d961f66423fe2f423cfc8a1d3ab854b520ac28e1226c200b916d07a4f", size = 1713789, upload-time = "2025-09-05T21:02:31.289Z" },
    { url = "https://files.pythonhosted.org/packages/98/70/2cfe2390af8f2489a3c16ecb27477f77aa95b0b8307db977e540893e5050/zeroconf-0.147.2-cp313-cp313-macosx_11_0_arm64.whl", hash = "sha256:d8cca1d4861d3b7c34d209e03e419a87ec96f5048870973b81f89483cf689c0b", size = 1683334, upload-time = "2025-09-05T21:02:33.464Z" },
    { url = "https://files.pythonhosted.org/packages/04/c7/cb0be06aa71067c59f52786fcbd3bfc6edcea9188019e88c647db1db9713/zeroconf-0.147.2-cp313-cp313-manylinux_2_17_aarch64.manylinux2014_aarch64.whl", hash = "sha256:7b7a95526c7185c1f828042d4321c4abe1f7c1781c6e2ed7d69551630ffd950f", size = 1998790, upload-time = "2025-09-05T21:02:35.112Z" },
    { url = "https://files.pythonhosted.org/packages/51/30/594a019872099f707ca42f752208e8dc87170736efe29c75d242b402b8ff/zeroconf-0.147.2-cp313-cp313-manylinux_2_17_i686.manylinux_2_5_i686.manylinux1_i686.manylinux2014_i686.whl", hash = "sha256:01d64386cf21b72659d070792faaa621e9c3dcc3f54361b38ac29afcb5f32ad4", size = 2144716, upload-time = "2025-09-05T21:02:37.025Z" },
    { url = "https://files.pythonhosted.org/packages/f2/e8/e3c2702cab548bd30b324d21430dd6e9764dbe68546a5dba9de8c02b543d/zeroconf-0.147.2-cp313-cp313-manylinux_2_17_x86_64.manylinux2014_x86_64.whl", hash = "sha256:fbdd3db8e53e8ff7f5f850613a46a22a828e490fbcd769e1acd2a8697aa66c77", size = 2091857, upload-time = "2025-09-05T21:02:38.797Z" },
    { url = "https://files.pythonhosted.org/packages/f1/85/031dc17fe5d538f0e0e4582b44c5aa208818c6a96b322787d0e720fab919/zeroconf-0.147.2-cp313-cp313-manylinux_2_31_armv7l.manylinux_2_17_armv7l.manylinux2014_armv7l.whl", hash = "sha256:de45086232034d079e8b732ab65caf4df338fbc93f9547d9001558d832018296", size = 1921535, upload-time = "2025-09-05T21:02:40.642Z" },
    { url = "https://files.pythonhosted.org/packages/54/13/fb485cc2389243bf056602721f04bbffa1ebd87e59948ffa4aadb26ab253/zeroconf-0.147.2-cp313-cp313-manylinux_2_36_x86_64.whl", hash = "sha256:45f4279c908b2ccdac5804392e47c728e3c128b4ec49d0945263fbc5829bf891", size = 2135592, upload-time = "2025-09-05T20:33:31.765Z" },
    { url = "https://files.pythonhosted.org/packages/bc/7c/7209ab3b49d9fa79a25c0c6f21cc0c9286933090a9ac8bb94c3d131ea163/zeroconf-0.147.2-cp313-cp313-musllinux_1_2_aarch64.whl", hash = "sha256:915bf241f3bb968dd37447551a114f42384b15e1a1778479fd7d0bf2c9898141", size = 2152702, upload-time = "2025-09-05T21:02:42.558Z" },
    { url = "https://files.pythonhosted.org/packages/90/c1/7d6e9f661552619d93484dca57f8ad25fb6199d5b7d85b32d05b4d686849/zeroconf-0.147.2-cp313-cp313-musllinux_1_2_armv7l.whl", hash = "sha256:47acc2d5117240afcb231dc669007ac1c25122094300aa1226143f16cff96406", size = 2005232, upload-time = "2025-09-05T21:02:44.232Z" },
    { url = "https://files.pythonhosted.org/packages/c5/4c/0f526a1d6653dcb3c461c760dbf72d8983be2a7a791bcd19e5a3ab38697d/zeroconf-0.147.2-cp313-cp313-musllinux_1_2_i686.whl", hash = "sha256:5bcf519c047a37c48684fdc8e2b5560be696ec1fbbc0099809fd9b36a6d4d2d4", size = 2310241, upload-time = "2025-09-05T21:02:45.998Z" },
    { url = "https://files.pythonhosted.org/packages/2d/43/f994811d1d452a7f2f74287f65701c4d002105249f68b78117ef9077bb8e/zeroconf-0.147.2-cp313-cp313-musllinux_1_2_x86_64.whl", hash = "sha256:5b0ab523d7be5bebf58aeada1ca7f5ae41c1ebbe69da8435bbf2c2581b4fb3ac", size = 2237360, upload-time = "2025-09-05T21:02:48.282Z" },
    { url = "https://files.pythonhosted.org/packages/a1/de/531cbe5226c8a564c9deb50387767072b8516b7bf6a862491e3d5f907207/zeroconf-0.147.2-cp313-cp313-win32.whl", hash = "sha256:de22c0306b35ef0ee23f4deaa9204f0ffc3600125c63cc277fc5a52b7021aaf6", size = 1290700, upload-time = "2025-09-05T21:02:50.021Z" },
    { url = "https://files.pythonhosted.org/packages/07/d6/db459936c2eb64349c72e34a8951e91f0cbb310f4a3a185d78e6106448dd/zeroconf-0.147.2-cp313-cp313-win_amd64.whl", hash = "sha256:c30a551d9a1df428ecce7816659314470f2bf36957a15905ff40560595bf61e9", size = 1528181, upload-time = "2025-09-05T21:02:51.901Z" },
]
